// !$*UTF8*$!
{
	archiveVersion = 1;
	classes = {
	};
	objectVersion = 46;
	objects = {

/* Begin PBXBuildFile section */
		39B140297ED23C5EABA6EF19 /* Pods_DiberClient.framework in Frameworks */ = {isa = PBXBuildFile; fileRef = 6D9A300066A84B6730F825E0 /* Pods_DiberClient.framework */; };
		487FCC58CF9932558061F9FD /* Pods_DiberClientUITests.framework in Frameworks */ = {isa = PBXBuildFile; fileRef = 4F4B02FECCF3761634B7AA20 /* Pods_DiberClientUITests.framework */; };
		9BA74188C5B8EBE850B00F0A /* Pods_DiberClientTests.framework in Frameworks */ = {isa = PBXBuildFile; fileRef = B0D2BD52AA740F076077303C /* Pods_DiberClientTests.framework */; };
		A321830F1F93583400897BC4 /* OrderCell.swift in Sources */ = {isa = PBXBuildFile; fileRef = A321830E1F93583400897BC4 /* OrderCell.swift */; };
		A32183111F935AA100897BC4 /* Localizable.strings in Resources */ = {isa = PBXBuildFile; fileRef = A32183101F935AA100897BC4 /* Localizable.strings */; };
		A36EABD61F927661007DA6D2 /* Login.storyboard in Resources */ = {isa = PBXBuildFile; fileRef = A36EABD51F927661007DA6D2 /* Login.storyboard */; };
		A36EABD81F927698007DA6D2 /* LoginVC.swift in Sources */ = {isa = PBXBuildFile; fileRef = A36EABD71F927698007DA6D2 /* LoginVC.swift */; };
		A36EABDF1F929EBB007DA6D2 /* String+Diber.swift in Sources */ = {isa = PBXBuildFile; fileRef = A36EABDE1F929EBB007DA6D2 /* String+Diber.swift */; };
		A37C13E31F8A480700BFF747 /* NetworkManager.swift in Sources */ = {isa = PBXBuildFile; fileRef = A37C13E21F8A480700BFF747 /* NetworkManager.swift */; };
		A37C13E61F8A482F00BFF747 /* OAuth2Handler.swift in Sources */ = {isa = PBXBuildFile; fileRef = A37C13E51F8A482F00BFF747 /* OAuth2Handler.swift */; };
		A37C13E91F8A486700BFF747 /* PreferenceManager.swift in Sources */ = {isa = PBXBuildFile; fileRef = A37C13E81F8A486700BFF747 /* PreferenceManager.swift */; };
		A37C13EB1F8A488300BFF747 /* ReachabilityManager.swift in Sources */ = {isa = PBXBuildFile; fileRef = A37C13EA1F8A488300BFF747 /* ReachabilityManager.swift */; };
		A37C13ED1F8A49C200BFF747 /* ApiEndpoint.swift in Sources */ = {isa = PBXBuildFile; fileRef = A37C13EC1F8A49C200BFF747 /* ApiEndpoint.swift */; };
		A3D7A2581F81314B00B4BB86 /* AppDelegate.swift in Sources */ = {isa = PBXBuildFile; fileRef = A3D7A2571F81314B00B4BB86 /* AppDelegate.swift */; };
		A3D7A25A1F81314B00B4BB86 /* OrdersVC.swift in Sources */ = {isa = PBXBuildFile; fileRef = A3D7A2591F81314B00B4BB86 /* OrdersVC.swift */; };
		A3D7A25C1F81314B00B4BB86 /* AddressesVC.swift in Sources */ = {isa = PBXBuildFile; fileRef = A3D7A25B1F81314B00B4BB86 /* AddressesVC.swift */; };
		A3D7A25F1F81314B00B4BB86 /* Main.storyboard in Resources */ = {isa = PBXBuildFile; fileRef = A3D7A25D1F81314B00B4BB86 /* Main.storyboard */; };
		A3D7A2611F81314B00B4BB86 /* Assets.xcassets in Resources */ = {isa = PBXBuildFile; fileRef = A3D7A2601F81314B00B4BB86 /* Assets.xcassets */; };
		A3D7A2641F81314B00B4BB86 /* LaunchScreen.storyboard in Resources */ = {isa = PBXBuildFile; fileRef = A3D7A2621F81314B00B4BB86 /* LaunchScreen.storyboard */; };
		A3D7A26F1F81314B00B4BB86 /* DiberClientTests.swift in Sources */ = {isa = PBXBuildFile; fileRef = A3D7A26E1F81314B00B4BB86 /* DiberClientTests.swift */; };
		A3D7A27A1F81314B00B4BB86 /* DiberClientUITests.swift in Sources */ = {isa = PBXBuildFile; fileRef = A3D7A2791F81314B00B4BB86 /* DiberClientUITests.swift */; };
		A3D7A2881F813B0500B4BB86 /* ProfileVC.swift in Sources */ = {isa = PBXBuildFile; fileRef = A3D7A2871F813B0500B4BB86 /* ProfileVC.swift */; };
		A3E2266A1F92A1DE003FE7D9 /* Constants.swift in Sources */ = {isa = PBXBuildFile; fileRef = A3E226691F92A1DE003FE7D9 /* Constants.swift */; };
		A3E2266C1F92A7DC003FE7D9 /* AuthService.swift in Sources */ = {isa = PBXBuildFile; fileRef = A3E2266B1F92A7DC003FE7D9 /* AuthService.swift */; };
		A3E2266E1F92B189003FE7D9 /* AlertControllerHelper.swift in Sources */ = {isa = PBXBuildFile; fileRef = A3E2266D1F92B188003FE7D9 /* AlertControllerHelper.swift */; };
		A3E226701F92C630003FE7D9 /* OrderService.swift in Sources */ = {isa = PBXBuildFile; fileRef = A3E2266F1F92C630003FE7D9 /* OrderService.swift */; };
		A3E226751F92CAC5003FE7D9 /* RealmObject.swift in Sources */ = {isa = PBXBuildFile; fileRef = A3E226741F92CAC5003FE7D9 /* RealmObject.swift */; };
		A3E226771F92CAEA003FE7D9 /* LocalRealmObject.swift in Sources */ = {isa = PBXBuildFile; fileRef = A3E226761F92CAEA003FE7D9 /* LocalRealmObject.swift */; };
		A3E92F0A1F92CF4A006508B6 /* Order.swift in Sources */ = {isa = PBXBuildFile; fileRef = A3E92F091F92CF4A006508B6 /* Order.swift */; };
		A3E92F0C1F92CF55006508B6 /* Role.swift in Sources */ = {isa = PBXBuildFile; fileRef = A3E92F0B1F92CF55006508B6 /* Role.swift */; };
		A3E92F0E1F92CF5F006508B6 /* User.swift in Sources */ = {isa = PBXBuildFile; fileRef = A3E92F0D1F92CF5F006508B6 /* User.swift */; };
		A3E92F101F92CF6C006508B6 /* OrderView.swift in Sources */ = {isa = PBXBuildFile; fileRef = A3E92F0F1F92CF6C006508B6 /* OrderView.swift */; };
		A3E92F121F92CF77006508B6 /* RoleView.swift in Sources */ = {isa = PBXBuildFile; fileRef = A3E92F111F92CF77006508B6 /* RoleView.swift */; };
/* End PBXBuildFile section */

/* Begin PBXContainerItemProxy section */
		A3D7A26B1F81314B00B4BB86 /* PBXContainerItemProxy */ = {
			isa = PBXContainerItemProxy;
			containerPortal = A3D7A24C1F81314B00B4BB86 /* Project object */;
			proxyType = 1;
			remoteGlobalIDString = A3D7A2531F81314B00B4BB86;
			remoteInfo = DiberClient;
		};
		A3D7A2761F81314B00B4BB86 /* PBXContainerItemProxy */ = {
			isa = PBXContainerItemProxy;
			containerPortal = A3D7A24C1F81314B00B4BB86 /* Project object */;
			proxyType = 1;
			remoteGlobalIDString = A3D7A2531F81314B00B4BB86;
			remoteInfo = DiberClient;
		};
/* End PBXContainerItemProxy section */

/* Begin PBXFileReference section */
		01B92106EC0EC7820ABA9310 /* Pods-DiberClientTests.debug.xcconfig */ = {isa = PBXFileReference; includeInIndex = 1; lastKnownFileType = text.xcconfig; name = "Pods-DiberClientTests.debug.xcconfig"; path = "Pods/Target Support Files/Pods-DiberClientTests/Pods-DiberClientTests.debug.xcconfig"; sourceTree = "<group>"; };
		4F4B02FECCF3761634B7AA20 /* Pods_DiberClientUITests.framework */ = {isa = PBXFileReference; explicitFileType = wrapper.framework; includeInIndex = 0; path = Pods_DiberClientUITests.framework; sourceTree = BUILT_PRODUCTS_DIR; };
		5809E4997365EE6F0F3D7C50 /* Pods-DiberClient.release.xcconfig */ = {isa = PBXFileReference; includeInIndex = 1; lastKnownFileType = text.xcconfig; name = "Pods-DiberClient.release.xcconfig"; path = "Pods/Target Support Files/Pods-DiberClient/Pods-DiberClient.release.xcconfig"; sourceTree = "<group>"; };
		6D9A300066A84B6730F825E0 /* Pods_DiberClient.framework */ = {isa = PBXFileReference; explicitFileType = wrapper.framework; includeInIndex = 0; path = Pods_DiberClient.framework; sourceTree = BUILT_PRODUCTS_DIR; };
		703BE3A45AFF8FC71BFB107A /* Pods-DiberClient.debug.xcconfig */ = {isa = PBXFileReference; includeInIndex = 1; lastKnownFileType = text.xcconfig; name = "Pods-DiberClient.debug.xcconfig"; path = "Pods/Target Support Files/Pods-DiberClient/Pods-DiberClient.debug.xcconfig"; sourceTree = "<group>"; };
		A321830E1F93583400897BC4 /* OrderCell.swift */ = {isa = PBXFileReference; lastKnownFileType = sourcecode.swift; path = OrderCell.swift; sourceTree = "<group>"; };
		A32183101F935AA100897BC4 /* Localizable.strings */ = {isa = PBXFileReference; lastKnownFileType = text.plist.strings; path = Localizable.strings; sourceTree = "<group>"; };
		A36EABD51F927661007DA6D2 /* Login.storyboard */ = {isa = PBXFileReference; lastKnownFileType = file.storyboard; path = Login.storyboard; sourceTree = "<group>"; };
		A36EABD71F927698007DA6D2 /* LoginVC.swift */ = {isa = PBXFileReference; lastKnownFileType = sourcecode.swift; path = LoginVC.swift; sourceTree = "<group>"; };
		A36EABDE1F929EBB007DA6D2 /* String+Diber.swift */ = {isa = PBXFileReference; lastKnownFileType = sourcecode.swift; path = "String+Diber.swift"; sourceTree = "<group>"; };
		A37C13E21F8A480700BFF747 /* NetworkManager.swift */ = {isa = PBXFileReference; lastKnownFileType = sourcecode.swift; path = NetworkManager.swift; sourceTree = "<group>"; };
		A37C13E51F8A482F00BFF747 /* OAuth2Handler.swift */ = {isa = PBXFileReference; lastKnownFileType = sourcecode.swift; path = OAuth2Handler.swift; sourceTree = "<group>"; };
		A37C13E81F8A486700BFF747 /* PreferenceManager.swift */ = {isa = PBXFileReference; lastKnownFileType = sourcecode.swift; path = PreferenceManager.swift; sourceTree = "<group>"; };
		A37C13EA1F8A488300BFF747 /* ReachabilityManager.swift */ = {isa = PBXFileReference; lastKnownFileType = sourcecode.swift; path = ReachabilityManager.swift; sourceTree = "<group>"; };
		A37C13EC1F8A49C200BFF747 /* ApiEndpoint.swift */ = {isa = PBXFileReference; lastKnownFileType = sourcecode.swift; path = ApiEndpoint.swift; sourceTree = "<group>"; };
		A3D7A2541F81314B00B4BB86 /* DiberClient.app */ = {isa = PBXFileReference; explicitFileType = wrapper.application; includeInIndex = 0; path = DiberClient.app; sourceTree = BUILT_PRODUCTS_DIR; };
		A3D7A2571F81314B00B4BB86 /* AppDelegate.swift */ = {isa = PBXFileReference; lastKnownFileType = sourcecode.swift; path = AppDelegate.swift; sourceTree = "<group>"; };
		A3D7A2591F81314B00B4BB86 /* OrdersVC.swift */ = {isa = PBXFileReference; lastKnownFileType = sourcecode.swift; path = OrdersVC.swift; sourceTree = "<group>"; };
		A3D7A25B1F81314B00B4BB86 /* AddressesVC.swift */ = {isa = PBXFileReference; lastKnownFileType = sourcecode.swift; path = AddressesVC.swift; sourceTree = "<group>"; };
		A3D7A25E1F81314B00B4BB86 /* Base */ = {isa = PBXFileReference; lastKnownFileType = file.storyboard; name = Base; path = Base.lproj/Main.storyboard; sourceTree = "<group>"; };
		A3D7A2601F81314B00B4BB86 /* Assets.xcassets */ = {isa = PBXFileReference; lastKnownFileType = folder.assetcatalog; path = Assets.xcassets; sourceTree = "<group>"; };
		A3D7A2631F81314B00B4BB86 /* Base */ = {isa = PBXFileReference; lastKnownFileType = file.storyboard; name = Base; path = Base.lproj/LaunchScreen.storyboard; sourceTree = "<group>"; };
		A3D7A2651F81314B00B4BB86 /* Info.plist */ = {isa = PBXFileReference; lastKnownFileType = text.plist.xml; path = Info.plist; sourceTree = "<group>"; };
		A3D7A26A1F81314B00B4BB86 /* DiberClientTests.xctest */ = {isa = PBXFileReference; explicitFileType = wrapper.cfbundle; includeInIndex = 0; path = DiberClientTests.xctest; sourceTree = BUILT_PRODUCTS_DIR; };
		A3D7A26E1F81314B00B4BB86 /* DiberClientTests.swift */ = {isa = PBXFileReference; lastKnownFileType = sourcecode.swift; path = DiberClientTests.swift; sourceTree = "<group>"; };
		A3D7A2701F81314B00B4BB86 /* Info.plist */ = {isa = PBXFileReference; lastKnownFileType = text.plist.xml; path = Info.plist; sourceTree = "<group>"; };
		A3D7A2751F81314B00B4BB86 /* DiberClientUITests.xctest */ = {isa = PBXFileReference; explicitFileType = wrapper.cfbundle; includeInIndex = 0; path = DiberClientUITests.xctest; sourceTree = BUILT_PRODUCTS_DIR; };
		A3D7A2791F81314B00B4BB86 /* DiberClientUITests.swift */ = {isa = PBXFileReference; lastKnownFileType = sourcecode.swift; path = DiberClientUITests.swift; sourceTree = "<group>"; };
		A3D7A27B1F81314B00B4BB86 /* Info.plist */ = {isa = PBXFileReference; lastKnownFileType = text.plist.xml; path = Info.plist; sourceTree = "<group>"; };
		A3D7A2871F813B0500B4BB86 /* ProfileVC.swift */ = {isa = PBXFileReference; fileEncoding = 4; lastKnownFileType = sourcecode.swift; path = ProfileVC.swift; sourceTree = "<group>"; };
		A3E226691F92A1DE003FE7D9 /* Constants.swift */ = {isa = PBXFileReference; lastKnownFileType = sourcecode.swift; path = Constants.swift; sourceTree = "<group>"; };
		A3E2266B1F92A7DC003FE7D9 /* AuthService.swift */ = {isa = PBXFileReference; lastKnownFileType = sourcecode.swift; path = AuthService.swift; sourceTree = "<group>"; };
		A3E2266D1F92B188003FE7D9 /* AlertControllerHelper.swift */ = {isa = PBXFileReference; lastKnownFileType = sourcecode.swift; path = AlertControllerHelper.swift; sourceTree = "<group>"; };
		A3E2266F1F92C630003FE7D9 /* OrderService.swift */ = {isa = PBXFileReference; lastKnownFileType = sourcecode.swift; path = OrderService.swift; sourceTree = "<group>"; };
		A3E226741F92CAC5003FE7D9 /* RealmObject.swift */ = {isa = PBXFileReference; lastKnownFileType = sourcecode.swift; path = RealmObject.swift; sourceTree = "<group>"; };
		A3E226761F92CAEA003FE7D9 /* LocalRealmObject.swift */ = {isa = PBXFileReference; lastKnownFileType = sourcecode.swift; path = LocalRealmObject.swift; sourceTree = "<group>"; };
		A3E92F091F92CF4A006508B6 /* Order.swift */ = {isa = PBXFileReference; lastKnownFileType = sourcecode.swift; path = Order.swift; sourceTree = "<group>"; };
		A3E92F0B1F92CF55006508B6 /* Role.swift */ = {isa = PBXFileReference; lastKnownFileType = sourcecode.swift; path = Role.swift; sourceTree = "<group>"; };
		A3E92F0D1F92CF5F006508B6 /* User.swift */ = {isa = PBXFileReference; lastKnownFileType = sourcecode.swift; path = User.swift; sourceTree = "<group>"; };
		A3E92F0F1F92CF6C006508B6 /* OrderView.swift */ = {isa = PBXFileReference; lastKnownFileType = sourcecode.swift; path = OrderView.swift; sourceTree = "<group>"; };
		A3E92F111F92CF77006508B6 /* RoleView.swift */ = {isa = PBXFileReference; lastKnownFileType = sourcecode.swift; path = RoleView.swift; sourceTree = "<group>"; };
		A56A34FBF1C676B85478E553 /* Pods-DiberClientTests.release.xcconfig */ = {isa = PBXFileReference; includeInIndex = 1; lastKnownFileType = text.xcconfig; name = "Pods-DiberClientTests.release.xcconfig"; path = "Pods/Target Support Files/Pods-DiberClientTests/Pods-DiberClientTests.release.xcconfig"; sourceTree = "<group>"; };
		B0D2BD52AA740F076077303C /* Pods_DiberClientTests.framework */ = {isa = PBXFileReference; explicitFileType = wrapper.framework; includeInIndex = 0; path = Pods_DiberClientTests.framework; sourceTree = BUILT_PRODUCTS_DIR; };
		F38CF4385202BC90C3920B62 /* Pods-DiberClientUITests.release.xcconfig */ = {isa = PBXFileReference; includeInIndex = 1; lastKnownFileType = text.xcconfig; name = "Pods-DiberClientUITests.release.xcconfig"; path = "Pods/Target Support Files/Pods-DiberClientUITests/Pods-DiberClientUITests.release.xcconfig"; sourceTree = "<group>"; };
		F3DBD3D2D2AECBF3BC33A70D /* Pods-DiberClientUITests.debug.xcconfig */ = {isa = PBXFileReference; includeInIndex = 1; lastKnownFileType = text.xcconfig; name = "Pods-DiberClientUITests.debug.xcconfig"; path = "Pods/Target Support Files/Pods-DiberClientUITests/Pods-DiberClientUITests.debug.xcconfig"; sourceTree = "<group>"; };
/* End PBXFileReference section */

/* Begin PBXFrameworksBuildPhase section */
		A3D7A2511F81314B00B4BB86 /* Frameworks */ = {
			isa = PBXFrameworksBuildPhase;
			buildActionMask = 2147483647;
			files = (
				39B140297ED23C5EABA6EF19 /* Pods_DiberClient.framework in Frameworks */,
			);
			runOnlyForDeploymentPostprocessing = 0;
		};
		A3D7A2671F81314B00B4BB86 /* Frameworks */ = {
			isa = PBXFrameworksBuildPhase;
			buildActionMask = 2147483647;
			files = (
				9BA74188C5B8EBE850B00F0A /* Pods_DiberClientTests.framework in Frameworks */,
			);
			runOnlyForDeploymentPostprocessing = 0;
		};
		A3D7A2721F81314B00B4BB86 /* Frameworks */ = {
			isa = PBXFrameworksBuildPhase;
			buildActionMask = 2147483647;
			files = (
				487FCC58CF9932558061F9FD /* Pods_DiberClientUITests.framework in Frameworks */,
			);
			runOnlyForDeploymentPostprocessing = 0;
		};
/* End PBXFrameworksBuildPhase section */

/* Begin PBXGroup section */
		4DB61177DD3E612350C27450 /* Frameworks */ = {
			isa = PBXGroup;
			children = (
				6D9A300066A84B6730F825E0 /* Pods_DiberClient.framework */,
				B0D2BD52AA740F076077303C /* Pods_DiberClientTests.framework */,
				4F4B02FECCF3761634B7AA20 /* Pods_DiberClientUITests.framework */,
			);
			name = Frameworks;
			sourceTree = "<group>";
		};
		5D201DA5A63225471B632E6D /* Pods */ = {
			isa = PBXGroup;
			children = (
				703BE3A45AFF8FC71BFB107A /* Pods-DiberClient.debug.xcconfig */,
				5809E4997365EE6F0F3D7C50 /* Pods-DiberClient.release.xcconfig */,
				01B92106EC0EC7820ABA9310 /* Pods-DiberClientTests.debug.xcconfig */,
				A56A34FBF1C676B85478E553 /* Pods-DiberClientTests.release.xcconfig */,
				F3DBD3D2D2AECBF3BC33A70D /* Pods-DiberClientUITests.debug.xcconfig */,
				F38CF4385202BC90C3920B62 /* Pods-DiberClientUITests.release.xcconfig */,
			);
			name = Pods;
			sourceTree = "<group>";
		};
		A36EABD91F929E55007DA6D2 /* Storyboards */ = {
			isa = PBXGroup;
			children = (
				A3D7A25D1F81314B00B4BB86 /* Main.storyboard */,
				A36EABD51F927661007DA6D2 /* Login.storyboard */,
				A3D7A2621F81314B00B4BB86 /* LaunchScreen.storyboard */,
			);
			path = Storyboards;
			sourceTree = "<group>";
		};
		A36EABDA1F929E65007DA6D2 /* View */ = {
			isa = PBXGroup;
			children = (
				A321830E1F93583400897BC4 /* OrderCell.swift */,
			);
			path = View;
			sourceTree = "<group>";
		};
		A36EABDD1F929E9F007DA6D2 /* Extensions */ = {
			isa = PBXGroup;
			children = (
				A36EABDE1F929EBB007DA6D2 /* String+Diber.swift */,
			);
			path = Extensions;
			sourceTree = "<group>";
		};
		A37C13E11F8A2B3200BFF747 /* Network */ = {
			isa = PBXGroup;
			children = (
				A37C13E41F8A481100BFF747 /* Services */,
				A37C13E51F8A482F00BFF747 /* OAuth2Handler.swift */,
				A37C13E21F8A480700BFF747 /* NetworkManager.swift */,
				A37C13EC1F8A49C200BFF747 /* ApiEndpoint.swift */,
			);
			path = Network;
			sourceTree = "<group>";
		};
		A37C13E41F8A481100BFF747 /* Services */ = {
			isa = PBXGroup;
			children = (
				A3E2266B1F92A7DC003FE7D9 /* AuthService.swift */,
				A3E2266F1F92C630003FE7D9 /* OrderService.swift */,
			);
			path = Services;
			sourceTree = "<group>";
		};
		A37C13E71F8A484D00BFF747 /* Managers */ = {
			isa = PBXGroup;
			children = (
				A37C13E81F8A486700BFF747 /* PreferenceManager.swift */,
				A37C13EA1F8A488300BFF747 /* ReachabilityManager.swift */,
			);
			path = Managers;
			sourceTree = "<group>";
		};
		A3D7A24B1F81314B00B4BB86 = {
			isa = PBXGroup;
			children = (
				A3D7A2561F81314B00B4BB86 /* DiberClient */,
				A3D7A26D1F81314B00B4BB86 /* DiberClientTests */,
				A3D7A2781F81314B00B4BB86 /* DiberClientUITests */,
				A3D7A2551F81314B00B4BB86 /* Products */,
				5D201DA5A63225471B632E6D /* Pods */,
				4DB61177DD3E612350C27450 /* Frameworks */,
			);
			sourceTree = "<group>";
		};
		A3D7A2551F81314B00B4BB86 /* Products */ = {
			isa = PBXGroup;
			children = (
				A3D7A2541F81314B00B4BB86 /* DiberClient.app */,
				A3D7A26A1F81314B00B4BB86 /* DiberClientTests.xctest */,
				A3D7A2751F81314B00B4BB86 /* DiberClientUITests.xctest */,
			);
			name = Products;
			sourceTree = "<group>";
		};
		A3D7A2561F81314B00B4BB86 /* DiberClient */ = {
			isa = PBXGroup;
			children = (
				A3D7A2571F81314B00B4BB86 /* AppDelegate.swift */,
				A3DF20A31F8A2581003D94AD /* Classes */,
				A3D7A2601F81314B00B4BB86 /* Assets.xcassets */,
				A3D7A2651F81314B00B4BB86 /* Info.plist */,
				A32183101F935AA100897BC4 /* Localizable.strings */,
			);
			path = DiberClient;
			sourceTree = "<group>";
		};
		A3D7A26D1F81314B00B4BB86 /* DiberClientTests */ = {
			isa = PBXGroup;
			children = (
				A3D7A26E1F81314B00B4BB86 /* DiberClientTests.swift */,
				A3D7A2701F81314B00B4BB86 /* Info.plist */,
			);
			path = DiberClientTests;
			sourceTree = "<group>";
		};
		A3D7A2781F81314B00B4BB86 /* DiberClientUITests */ = {
			isa = PBXGroup;
			children = (
				A3D7A2791F81314B00B4BB86 /* DiberClientUITests.swift */,
				A3D7A27B1F81314B00B4BB86 /* Info.plist */,
			);
			path = DiberClientUITests;
			sourceTree = "<group>";
		};
		A3DF20A31F8A2581003D94AD /* Classes */ = {
			isa = PBXGroup;
			children = (
				A3DF20A41F8A259D003D94AD /* Controllers */,
				A3DF20A51F8A25C2003D94AD /* Interface */,
				A3DF20A61F8A29AD003D94AD /* Models */,
				A37C13E11F8A2B3200BFF747 /* Network */,
				A37C13E71F8A484D00BFF747 /* Managers */,
				A3E226681F92A1CA003FE7D9 /* Utils */,
				A36EABDD1F929E9F007DA6D2 /* Extensions */,
			);
			path = Classes;
			sourceTree = "<group>";
		};
		A3DF20A41F8A259D003D94AD /* Controllers */ = {
			isa = PBXGroup;
			children = (
				A3D7A2591F81314B00B4BB86 /* OrdersVC.swift */,
				A3D7A25B1F81314B00B4BB86 /* AddressesVC.swift */,
				A3D7A2871F813B0500B4BB86 /* ProfileVC.swift */,
				A36EABD71F927698007DA6D2 /* LoginVC.swift */,
			);
			path = Controllers;
			sourceTree = "<group>";
		};
		A3DF20A51F8A25C2003D94AD /* Interface */ = {
			isa = PBXGroup;
			children = (
				A36EABD91F929E55007DA6D2 /* Storyboards */,
				A36EABDA1F929E65007DA6D2 /* View */,
			);
			path = Interface;
			sourceTree = "<group>";
		};
		A3DF20A61F8A29AD003D94AD /* Models */ = {
			isa = PBXGroup;
			children = (
				A3E226791F92CB57003FE7D9 /* View */,
				A3E226731F92CABB003FE7D9 /* Realm */,
			);
			path = Models;
			sourceTree = "<group>";
		};
		A3E226681F92A1CA003FE7D9 /* Utils */ = {
			isa = PBXGroup;
			children = (
				A3E226691F92A1DE003FE7D9 /* Constants.swift */,
				A3E2266D1F92B188003FE7D9 /* AlertControllerHelper.swift */,
			);
			path = Utils;
			sourceTree = "<group>";
		};
		A3E226731F92CABB003FE7D9 /* Realm */ = {
			isa = PBXGroup;
			children = (
				A3E226781F92CB4B003FE7D9 /* Base */,
				A3E92F091F92CF4A006508B6 /* Order.swift */,
				A3E92F0B1F92CF55006508B6 /* Role.swift */,
				A3E92F0D1F92CF5F006508B6 /* User.swift */,
			);
			path = Realm;
			sourceTree = "<group>";
		};
		A3E226781F92CB4B003FE7D9 /* Base */ = {
			isa = PBXGroup;
			children = (
				A3E226741F92CAC5003FE7D9 /* RealmObject.swift */,
				A3E226761F92CAEA003FE7D9 /* LocalRealmObject.swift */,
			);
			path = Base;
			sourceTree = "<group>";
		};
		A3E226791F92CB57003FE7D9 /* View */ = {
			isa = PBXGroup;
			children = (
				A3E92F0F1F92CF6C006508B6 /* OrderView.swift */,
				A3E92F111F92CF77006508B6 /* RoleView.swift */,
			);
			path = View;
			sourceTree = "<group>";
		};
/* End PBXGroup section */

/* Begin PBXNativeTarget section */
		A3D7A2531F81314B00B4BB86 /* DiberClient */ = {
			isa = PBXNativeTarget;
			buildConfigurationList = A3D7A27E1F81314B00B4BB86 /* Build configuration list for PBXNativeTarget "DiberClient" */;
			buildPhases = (
				0A5E7C3F91D456E4BCCF3691 /* [CP] Check Pods Manifest.lock */,
				A3D7A2501F81314B00B4BB86 /* Sources */,
				A3D7A2511F81314B00B4BB86 /* Frameworks */,
				A3D7A2521F81314B00B4BB86 /* Resources */,
				21918CBB6D4C07455A22C0BA /* [CP] Embed Pods Frameworks */,
				C9B61D61AA0D9A1B49CBFD0C /* [CP] Copy Pods Resources */,
			);
			buildRules = (
			);
			dependencies = (
			);
			name = DiberClient;
			productName = DiberClient;
			productReference = A3D7A2541F81314B00B4BB86 /* DiberClient.app */;
			productType = "com.apple.product-type.application";
		};
		A3D7A2691F81314B00B4BB86 /* DiberClientTests */ = {
			isa = PBXNativeTarget;
			buildConfigurationList = A3D7A2811F81314B00B4BB86 /* Build configuration list for PBXNativeTarget "DiberClientTests" */;
			buildPhases = (
				CE5AB484291510BA61890580 /* [CP] Check Pods Manifest.lock */,
				A3D7A2661F81314B00B4BB86 /* Sources */,
				A3D7A2671F81314B00B4BB86 /* Frameworks */,
				A3D7A2681F81314B00B4BB86 /* Resources */,
				5B4D02940547D21066CE443D /* [CP] Embed Pods Frameworks */,
				DB16965CFA895CBE3880E240 /* [CP] Copy Pods Resources */,
			);
			buildRules = (
			);
			dependencies = (
				A3D7A26C1F81314B00B4BB86 /* PBXTargetDependency */,
			);
			name = DiberClientTests;
			productName = DiberClientTests;
			productReference = A3D7A26A1F81314B00B4BB86 /* DiberClientTests.xctest */;
			productType = "com.apple.product-type.bundle.unit-test";
		};
		A3D7A2741F81314B00B4BB86 /* DiberClientUITests */ = {
			isa = PBXNativeTarget;
			buildConfigurationList = A3D7A2841F81314B00B4BB86 /* Build configuration list for PBXNativeTarget "DiberClientUITests" */;
			buildPhases = (
				B0B79E5FF7F1CE46C6291A87 /* [CP] Check Pods Manifest.lock */,
				A3D7A2711F81314B00B4BB86 /* Sources */,
				A3D7A2721F81314B00B4BB86 /* Frameworks */,
				A3D7A2731F81314B00B4BB86 /* Resources */,
				333A5A3C6C2DC185A5024875 /* [CP] Embed Pods Frameworks */,
				0727649081CAFD0FF2087A97 /* [CP] Copy Pods Resources */,
			);
			buildRules = (
			);
			dependencies = (
				A3D7A2771F81314B00B4BB86 /* PBXTargetDependency */,
			);
			name = DiberClientUITests;
			productName = DiberClientUITests;
			productReference = A3D7A2751F81314B00B4BB86 /* DiberClientUITests.xctest */;
			productType = "com.apple.product-type.bundle.ui-testing";
		};
/* End PBXNativeTarget section */

/* Begin PBXProject section */
		A3D7A24C1F81314B00B4BB86 /* Project object */ = {
			isa = PBXProject;
			attributes = {
				LastSwiftUpdateCheck = 0830;
				LastUpgradeCheck = 0830;
				ORGANIZATIONNAME = "Alexander Tereshkov";
				TargetAttributes = {
					A3D7A2531F81314B00B4BB86 = {
						CreatedOnToolsVersion = 8.3.3;
						ProvisioningStyle = Automatic;
					};
					A3D7A2691F81314B00B4BB86 = {
						CreatedOnToolsVersion = 8.3.3;
						ProvisioningStyle = Automatic;
						TestTargetID = A3D7A2531F81314B00B4BB86;
					};
					A3D7A2741F81314B00B4BB86 = {
						CreatedOnToolsVersion = 8.3.3;
						ProvisioningStyle = Automatic;
						TestTargetID = A3D7A2531F81314B00B4BB86;
					};
				};
			};
			buildConfigurationList = A3D7A24F1F81314B00B4BB86 /* Build configuration list for PBXProject "DiberClient" */;
			compatibilityVersion = "Xcode 3.2";
			developmentRegion = English;
			hasScannedForEncodings = 0;
			knownRegions = (
				en,
				Base,
			);
			mainGroup = A3D7A24B1F81314B00B4BB86;
			productRefGroup = A3D7A2551F81314B00B4BB86 /* Products */;
			projectDirPath = "";
			projectRoot = "";
			targets = (
				A3D7A2531F81314B00B4BB86 /* DiberClient */,
				A3D7A2691F81314B00B4BB86 /* DiberClientTests */,
				A3D7A2741F81314B00B4BB86 /* DiberClientUITests */,
			);
		};
/* End PBXProject section */

/* Begin PBXResourcesBuildPhase section */
		A3D7A2521F81314B00B4BB86 /* Resources */ = {
			isa = PBXResourcesBuildPhase;
			buildActionMask = 2147483647;
			files = (
				A32183111F935AA100897BC4 /* Localizable.strings in Resources */,
				A36EABD61F927661007DA6D2 /* Login.storyboard in Resources */,
				A3D7A2641F81314B00B4BB86 /* LaunchScreen.storyboard in Resources */,
				A3D7A2611F81314B00B4BB86 /* Assets.xcassets in Resources */,
				A3D7A25F1F81314B00B4BB86 /* Main.storyboard in Resources */,
			);
			runOnlyForDeploymentPostprocessing = 0;
		};
		A3D7A2681F81314B00B4BB86 /* Resources */ = {
			isa = PBXResourcesBuildPhase;
			buildActionMask = 2147483647;
			files = (
			);
			runOnlyForDeploymentPostprocessing = 0;
		};
		A3D7A2731F81314B00B4BB86 /* Resources */ = {
			isa = PBXResourcesBuildPhase;
			buildActionMask = 2147483647;
			files = (
			);
			runOnlyForDeploymentPostprocessing = 0;
		};
/* End PBXResourcesBuildPhase section */

/* Begin PBXShellScriptBuildPhase section */
		0727649081CAFD0FF2087A97 /* [CP] Copy Pods Resources */ = {
			isa = PBXShellScriptBuildPhase;
			buildActionMask = 2147483647;
			files = (
			);
			inputPaths = (
			);
			name = "[CP] Copy Pods Resources";
			outputPaths = (
			);
			runOnlyForDeploymentPostprocessing = 0;
			shellPath = /bin/sh;
			shellScript = "\"${SRCROOT}/Pods/Target Support Files/Pods-DiberClientUITests/Pods-DiberClientUITests-resources.sh\"\n";
			showEnvVarsInLog = 0;
		};
		0A5E7C3F91D456E4BCCF3691 /* [CP] Check Pods Manifest.lock */ = {
			isa = PBXShellScriptBuildPhase;
			buildActionMask = 2147483647;
			files = (
			);
			inputPaths = (
				"${PODS_PODFILE_DIR_PATH}/Podfile.lock",
				"${PODS_ROOT}/Manifest.lock",
			);
			name = "[CP] Check Pods Manifest.lock";
			outputPaths = (
				"$(DERIVED_FILE_DIR)/Pods-DiberClient-checkManifestLockResult.txt",
			);
			runOnlyForDeploymentPostprocessing = 0;
			shellPath = /bin/sh;
			shellScript = "diff \"${PODS_PODFILE_DIR_PATH}/Podfile.lock\" \"${PODS_ROOT}/Manifest.lock\" > /dev/null\nif [ $? != 0 ] ; then\n    # print error to STDERR\n    echo \"error: The sandbox is not in sync with the Podfile.lock. Run 'pod install' or update your CocoaPods installation.\" >&2\n    exit 1\nfi\n# This output is used by Xcode 'outputs' to avoid re-running this script phase.\necho \"SUCCESS\" > \"${SCRIPT_OUTPUT_FILE_0}\"\n";
			showEnvVarsInLog = 0;
		};
		21918CBB6D4C07455A22C0BA /* [CP] Embed Pods Frameworks */ = {
			isa = PBXShellScriptBuildPhase;
			buildActionMask = 2147483647;
			files = (
			);
			inputPaths = (
				"${SRCROOT}/Pods/Target Support Files/Pods-DiberClient/Pods-DiberClient-frameworks.sh",
				"${BUILT_PRODUCTS_DIR}/Alamofire/Alamofire.framework",
				"${BUILT_PRODUCTS_DIR}/AsyncSwift/Async.framework",
				"${BUILT_PRODUCTS_DIR}/Localize-Swift/Localize_Swift.framework",
				"${BUILT_PRODUCTS_DIR}/MBProgressHUD/MBProgressHUD.framework",
				"${BUILT_PRODUCTS_DIR}/ReachabilitySwift/ReachabilitySwift.framework",
				"${BUILT_PRODUCTS_DIR}/Realm/Realm.framework",
				"${BUILT_PRODUCTS_DIR}/RealmSwift/RealmSwift.framework",
			);
			name = "[CP] Embed Pods Frameworks";
			outputPaths = (
				"${TARGET_BUILD_DIR}/${FRAMEWORKS_FOLDER_PATH}/Alamofire.framework",
				"${TARGET_BUILD_DIR}/${FRAMEWORKS_FOLDER_PATH}/Async.framework",
				"${TARGET_BUILD_DIR}/${FRAMEWORKS_FOLDER_PATH}/Localize_Swift.framework",
				"${TARGET_BUILD_DIR}/${FRAMEWORKS_FOLDER_PATH}/MBProgressHUD.framework",
				"${TARGET_BUILD_DIR}/${FRAMEWORKS_FOLDER_PATH}/ReachabilitySwift.framework",
				"${TARGET_BUILD_DIR}/${FRAMEWORKS_FOLDER_PATH}/Realm.framework",
				"${TARGET_BUILD_DIR}/${FRAMEWORKS_FOLDER_PATH}/RealmSwift.framework",
			);
			runOnlyForDeploymentPostprocessing = 0;
			shellPath = /bin/sh;
			shellScript = "\"${SRCROOT}/Pods/Target Support Files/Pods-DiberClient/Pods-DiberClient-frameworks.sh\"\n";
			showEnvVarsInLog = 0;
		};
		333A5A3C6C2DC185A5024875 /* [CP] Embed Pods Frameworks */ = {
			isa = PBXShellScriptBuildPhase;
			buildActionMask = 2147483647;
			files = (
			);
			inputPaths = (
			);
			name = "[CP] Embed Pods Frameworks";
			outputPaths = (
			);
			runOnlyForDeploymentPostprocessing = 0;
			shellPath = /bin/sh;
			shellScript = "\"${SRCROOT}/Pods/Target Support Files/Pods-DiberClientUITests/Pods-DiberClientUITests-frameworks.sh\"\n";
			showEnvVarsInLog = 0;
		};
		5B4D02940547D21066CE443D /* [CP] Embed Pods Frameworks */ = {
			isa = PBXShellScriptBuildPhase;
			buildActionMask = 2147483647;
			files = (
			);
			inputPaths = (
			);
			name = "[CP] Embed Pods Frameworks";
			outputPaths = (
			);
			runOnlyForDeploymentPostprocessing = 0;
			shellPath = /bin/sh;
			shellScript = "\"${SRCROOT}/Pods/Target Support Files/Pods-DiberClientTests/Pods-DiberClientTests-frameworks.sh\"\n";
			showEnvVarsInLog = 0;
		};
		B0B79E5FF7F1CE46C6291A87 /* [CP] Check Pods Manifest.lock */ = {
			isa = PBXShellScriptBuildPhase;
			buildActionMask = 2147483647;
			files = (
			);
			inputPaths = (
				"${PODS_PODFILE_DIR_PATH}/Podfile.lock",
				"${PODS_ROOT}/Manifest.lock",
			);
			name = "[CP] Check Pods Manifest.lock";
			outputPaths = (
				"$(DERIVED_FILE_DIR)/Pods-DiberClientUITests-checkManifestLockResult.txt",
			);
			runOnlyForDeploymentPostprocessing = 0;
			shellPath = /bin/sh;
			shellScript = "diff \"${PODS_PODFILE_DIR_PATH}/Podfile.lock\" \"${PODS_ROOT}/Manifest.lock\" > /dev/null\nif [ $? != 0 ] ; then\n    # print error to STDERR\n    echo \"error: The sandbox is not in sync with the Podfile.lock. Run 'pod install' or update your CocoaPods installation.\" >&2\n    exit 1\nfi\n# This output is used by Xcode 'outputs' to avoid re-running this script phase.\necho \"SUCCESS\" > \"${SCRIPT_OUTPUT_FILE_0}\"\n";
			showEnvVarsInLog = 0;
		};
		C9B61D61AA0D9A1B49CBFD0C /* [CP] Copy Pods Resources */ = {
			isa = PBXShellScriptBuildPhase;
			buildActionMask = 2147483647;
			files = (
			);
			inputPaths = (
			);
			name = "[CP] Copy Pods Resources";
			outputPaths = (
			);
			runOnlyForDeploymentPostprocessing = 0;
			shellPath = /bin/sh;
			shellScript = "\"${SRCROOT}/Pods/Target Support Files/Pods-DiberClient/Pods-DiberClient-resources.sh\"\n";
			showEnvVarsInLog = 0;
		};
		CE5AB484291510BA61890580 /* [CP] Check Pods Manifest.lock */ = {
			isa = PBXShellScriptBuildPhase;
			buildActionMask = 2147483647;
			files = (
			);
			inputPaths = (
				"${PODS_PODFILE_DIR_PATH}/Podfile.lock",
				"${PODS_ROOT}/Manifest.lock",
			);
			name = "[CP] Check Pods Manifest.lock";
			outputPaths = (
				"$(DERIVED_FILE_DIR)/Pods-DiberClientTests-checkManifestLockResult.txt",
			);
			runOnlyForDeploymentPostprocessing = 0;
			shellPath = /bin/sh;
			shellScript = "diff \"${PODS_PODFILE_DIR_PATH}/Podfile.lock\" \"${PODS_ROOT}/Manifest.lock\" > /dev/null\nif [ $? != 0 ] ; then\n    # print error to STDERR\n    echo \"error: The sandbox is not in sync with the Podfile.lock. Run 'pod install' or update your CocoaPods installation.\" >&2\n    exit 1\nfi\n# This output is used by Xcode 'outputs' to avoid re-running this script phase.\necho \"SUCCESS\" > \"${SCRIPT_OUTPUT_FILE_0}\"\n";
			showEnvVarsInLog = 0;
		};
		DB16965CFA895CBE3880E240 /* [CP] Copy Pods Resources */ = {
			isa = PBXShellScriptBuildPhase;
			buildActionMask = 2147483647;
			files = (
			);
			inputPaths = (
			);
			name = "[CP] Copy Pods Resources";
			outputPaths = (
			);
			runOnlyForDeploymentPostprocessing = 0;
			shellPath = /bin/sh;
			shellScript = "\"${SRCROOT}/Pods/Target Support Files/Pods-DiberClientTests/Pods-DiberClientTests-resources.sh\"\n";
			showEnvVarsInLog = 0;
		};
/* End PBXShellScriptBuildPhase section */

/* Begin PBXSourcesBuildPhase section */
		A3D7A2501F81314B00B4BB86 /* Sources */ = {
			isa = PBXSourcesBuildPhase;
			buildActionMask = 2147483647;
			files = (
				A3D7A25C1F81314B00B4BB86 /* AddressesVC.swift in Sources */,
				A3D7A2581F81314B00B4BB86 /* AppDelegate.swift in Sources */,
				A3E92F0C1F92CF55006508B6 /* Role.swift in Sources */,
				A3E2266E1F92B189003FE7D9 /* AlertControllerHelper.swift in Sources */,
				A3E226701F92C630003FE7D9 /* OrderService.swift in Sources */,
				A3E226771F92CAEA003FE7D9 /* LocalRealmObject.swift in Sources */,
				A37C13E31F8A480700BFF747 /* NetworkManager.swift in Sources */,
				A37C13EB1F8A488300BFF747 /* ReachabilityManager.swift in Sources */,
				A3E92F0E1F92CF5F006508B6 /* User.swift in Sources */,
				A3E2266A1F92A1DE003FE7D9 /* Constants.swift in Sources */,
				A321830F1F93583400897BC4 /* OrderCell.swift in Sources */,
				A36EABDF1F929EBB007DA6D2 /* String+Diber.swift in Sources */,
				A37C13E91F8A486700BFF747 /* PreferenceManager.swift in Sources */,
				A37C13ED1F8A49C200BFF747 /* ApiEndpoint.swift in Sources */,
				A3D7A2881F813B0500B4BB86 /* ProfileVC.swift in Sources */,
				A3E92F0A1F92CF4A006508B6 /* Order.swift in Sources */,
				A36EABD81F927698007DA6D2 /* LoginVC.swift in Sources */,
				A3E92F121F92CF77006508B6 /* RoleView.swift in Sources */,
				A3E2266C1F92A7DC003FE7D9 /* AuthService.swift in Sources */,
				A3D7A25A1F81314B00B4BB86 /* OrdersVC.swift in Sources */,
				A3E92F101F92CF6C006508B6 /* OrderView.swift in Sources */,
				A3E226751F92CAC5003FE7D9 /* RealmObject.swift in Sources */,
				A37C13E61F8A482F00BFF747 /* OAuth2Handler.swift in Sources */,
			);
			runOnlyForDeploymentPostprocessing = 0;
		};
		A3D7A2661F81314B00B4BB86 /* Sources */ = {
			isa = PBXSourcesBuildPhase;
			buildActionMask = 2147483647;
			files = (
				A3D7A26F1F81314B00B4BB86 /* DiberClientTests.swift in Sources */,
			);
			runOnlyForDeploymentPostprocessing = 0;
		};
		A3D7A2711F81314B00B4BB86 /* Sources */ = {
			isa = PBXSourcesBuildPhase;
			buildActionMask = 2147483647;
			files = (
				A3D7A27A1F81314B00B4BB86 /* DiberClientUITests.swift in Sources */,
			);
			runOnlyForDeploymentPostprocessing = 0;
		};
/* End PBXSourcesBuildPhase section */

/* Begin PBXTargetDependency section */
		A3D7A26C1F81314B00B4BB86 /* PBXTargetDependency */ = {
			isa = PBXTargetDependency;
			target = A3D7A2531F81314B00B4BB86 /* DiberClient */;
			targetProxy = A3D7A26B1F81314B00B4BB86 /* PBXContainerItemProxy */;
		};
		A3D7A2771F81314B00B4BB86 /* PBXTargetDependency */ = {
			isa = PBXTargetDependency;
			target = A3D7A2531F81314B00B4BB86 /* DiberClient */;
			targetProxy = A3D7A2761F81314B00B4BB86 /* PBXContainerItemProxy */;
		};
/* End PBXTargetDependency section */

/* Begin PBXVariantGroup section */
		A3D7A25D1F81314B00B4BB86 /* Main.storyboard */ = {
			isa = PBXVariantGroup;
			children = (
				A3D7A25E1F81314B00B4BB86 /* Base */,
			);
			name = Main.storyboard;
			sourceTree = "<group>";
		};
		A3D7A2621F81314B00B4BB86 /* LaunchScreen.storyboard */ = {
			isa = PBXVariantGroup;
			children = (
				A3D7A2631F81314B00B4BB86 /* Base */,
			);
			name = LaunchScreen.storyboard;
			sourceTree = "<group>";
		};
/* End PBXVariantGroup section */

/* Begin XCBuildConfiguration section */
		A3D7A27C1F81314B00B4BB86 /* Debug */ = {
			isa = XCBuildConfiguration;
			buildSettings = {
				ALWAYS_SEARCH_USER_PATHS = NO;
				CLANG_ANALYZER_NONNULL = YES;
				CLANG_ANALYZER_NUMBER_OBJECT_CONVERSION = YES_AGGRESSIVE;
				CLANG_CXX_LANGUAGE_STANDARD = "gnu++0x";
				CLANG_CXX_LIBRARY = "libc++";
				CLANG_ENABLE_MODULES = YES;
				CLANG_ENABLE_OBJC_ARC = YES;
				CLANG_WARN_BOOL_CONVERSION = YES;
				CLANG_WARN_CONSTANT_CONVERSION = YES;
				CLANG_WARN_DIRECT_OBJC_ISA_USAGE = YES_ERROR;
				CLANG_WARN_DOCUMENTATION_COMMENTS = YES;
				CLANG_WARN_EMPTY_BODY = YES;
				CLANG_WARN_ENUM_CONVERSION = YES;
				CLANG_WARN_INFINITE_RECURSION = YES;
				CLANG_WARN_INT_CONVERSION = YES;
				CLANG_WARN_OBJC_ROOT_CLASS = YES_ERROR;
				CLANG_WARN_SUSPICIOUS_MOVE = YES;
				CLANG_WARN_UNREACHABLE_CODE = YES;
				CLANG_WARN__DUPLICATE_METHOD_MATCH = YES;
				"CODE_SIGN_IDENTITY[sdk=iphoneos*]" = "iPhone Developer";
				COPY_PHASE_STRIP = NO;
				DEBUG_INFORMATION_FORMAT = dwarf;
				ENABLE_STRICT_OBJC_MSGSEND = YES;
				ENABLE_TESTABILITY = YES;
				GCC_C_LANGUAGE_STANDARD = gnu99;
				GCC_DYNAMIC_NO_PIC = NO;
				GCC_NO_COMMON_BLOCKS = YES;
				GCC_OPTIMIZATION_LEVEL = 0;
				GCC_PREPROCESSOR_DEFINITIONS = (
					"DEBUG=1",
					"$(inherited)",
				);
				GCC_WARN_64_TO_32_BIT_CONVERSION = YES;
				GCC_WARN_ABOUT_RETURN_TYPE = YES_ERROR;
				GCC_WARN_UNDECLARED_SELECTOR = YES;
				GCC_WARN_UNINITIALIZED_AUTOS = YES_AGGRESSIVE;
				GCC_WARN_UNUSED_FUNCTION = YES;
				GCC_WARN_UNUSED_VARIABLE = YES;
				IPHONEOS_DEPLOYMENT_TARGET = 10.3;
				MTL_ENABLE_DEBUG_INFO = YES;
				ONLY_ACTIVE_ARCH = YES;
				SDKROOT = iphoneos;
				SWIFT_ACTIVE_COMPILATION_CONDITIONS = DEBUG;
				SWIFT_OPTIMIZATION_LEVEL = "-Onone";
				TARGETED_DEVICE_FAMILY = "1,2";
			};
			name = Debug;
		};
		A3D7A27D1F81314B00B4BB86 /* Release */ = {
			isa = XCBuildConfiguration;
			buildSettings = {
				ALWAYS_SEARCH_USER_PATHS = NO;
				CLANG_ANALYZER_NONNULL = YES;
				CLANG_ANALYZER_NUMBER_OBJECT_CONVERSION = YES_AGGRESSIVE;
				CLANG_CXX_LANGUAGE_STANDARD = "gnu++0x";
				CLANG_CXX_LIBRARY = "libc++";
				CLANG_ENABLE_MODULES = YES;
				CLANG_ENABLE_OBJC_ARC = YES;
				CLANG_WARN_BOOL_CONVERSION = YES;
				CLANG_WARN_CONSTANT_CONVERSION = YES;
				CLANG_WARN_DIRECT_OBJC_ISA_USAGE = YES_ERROR;
				CLANG_WARN_DOCUMENTATION_COMMENTS = YES;
				CLANG_WARN_EMPTY_BODY = YES;
				CLANG_WARN_ENUM_CONVERSION = YES;
				CLANG_WARN_INFINITE_RECURSION = YES;
				CLANG_WARN_INT_CONVERSION = YES;
				CLANG_WARN_OBJC_ROOT_CLASS = YES_ERROR;
				CLANG_WARN_SUSPICIOUS_MOVE = YES;
				CLANG_WARN_UNREACHABLE_CODE = YES;
				CLANG_WARN__DUPLICATE_METHOD_MATCH = YES;
				"CODE_SIGN_IDENTITY[sdk=iphoneos*]" = "iPhone Developer";
				COPY_PHASE_STRIP = NO;
				DEBUG_INFORMATION_FORMAT = "dwarf-with-dsym";
				ENABLE_NS_ASSERTIONS = NO;
				ENABLE_STRICT_OBJC_MSGSEND = YES;
				GCC_C_LANGUAGE_STANDARD = gnu99;
				GCC_NO_COMMON_BLOCKS = YES;
				GCC_WARN_64_TO_32_BIT_CONVERSION = YES;
				GCC_WARN_ABOUT_RETURN_TYPE = YES_ERROR;
				GCC_WARN_UNDECLARED_SELECTOR = YES;
				GCC_WARN_UNINITIALIZED_AUTOS = YES_AGGRESSIVE;
				GCC_WARN_UNUSED_FUNCTION = YES;
				GCC_WARN_UNUSED_VARIABLE = YES;
				IPHONEOS_DEPLOYMENT_TARGET = 10.3;
				MTL_ENABLE_DEBUG_INFO = NO;
				SDKROOT = iphoneos;
				SWIFT_OPTIMIZATION_LEVEL = "-Owholemodule";
				TARGETED_DEVICE_FAMILY = "1,2";
				VALIDATE_PRODUCT = YES;
			};
			name = Release;
		};
		A3D7A27F1F81314B00B4BB86 /* Debug */ = {
			isa = XCBuildConfiguration;
			baseConfigurationReference = 703BE3A45AFF8FC71BFB107A /* Pods-DiberClient.debug.xcconfig */;
			buildSettings = {
				ASSETCATALOG_COMPILER_APPICON_NAME = AppIcon;
				INFOPLIST_FILE = DiberClient/Info.plist;
				LD_RUNPATH_SEARCH_PATHS = "$(inherited) @executable_path/Frameworks";
				PRODUCT_BUNDLE_IDENTIFIER = com.diber.DiberClient;
				PRODUCT_NAME = "$(TARGET_NAME)";
				SWIFT_VERSION = 3.0;
			};
			name = Debug;
		};
		A3D7A2801F81314B00B4BB86 /* Release */ = {
			isa = XCBuildConfiguration;
			baseConfigurationReference = 5809E4997365EE6F0F3D7C50 /* Pods-DiberClient.release.xcconfig */;
			buildSettings = {
				ASSETCATALOG_COMPILER_APPICON_NAME = AppIcon;
				INFOPLIST_FILE = DiberClient/Info.plist;
				LD_RUNPATH_SEARCH_PATHS = "$(inherited) @executable_path/Frameworks";
				PRODUCT_BUNDLE_IDENTIFIER = com.diber.DiberClient;
				PRODUCT_NAME = "$(TARGET_NAME)";
				SWIFT_VERSION = 3.0;
			};
			name = Release;
		};
		A3D7A2821F81314B00B4BB86 /* Debug */ = {
			isa = XCBuildConfiguration;
			baseConfigurationReference = 01B92106EC0EC7820ABA9310 /* Pods-DiberClientTests.debug.xcconfig */;
			buildSettings = {
				ALWAYS_EMBED_SWIFT_STANDARD_LIBRARIES = YES;
				BUNDLE_LOADER = "$(TEST_HOST)";
				INFOPLIST_FILE = DiberClientTests/Info.plist;
				LD_RUNPATH_SEARCH_PATHS = "$(inherited) @executable_path/Frameworks @loader_path/Frameworks";
				PRODUCT_BUNDLE_IDENTIFIER = com.diber.DiberClientTests;
				PRODUCT_NAME = "$(TARGET_NAME)";
				SWIFT_VERSION = 3.0;
				TEST_HOST = "$(BUILT_PRODUCTS_DIR)/DiberClient.app/DiberClient";
			};
			name = Debug;
		};
		A3D7A2831F81314B00B4BB86 /* Release */ = {
			isa = XCBuildConfiguration;
			baseConfigurationReference = A56A34FBF1C676B85478E553 /* Pods-DiberClientTests.release.xcconfig */;
			buildSettings = {
				ALWAYS_EMBED_SWIFT_STANDARD_LIBRARIES = YES;
				BUNDLE_LOADER = "$(TEST_HOST)";
				INFOPLIST_FILE = DiberClientTests/Info.plist;
				LD_RUNPATH_SEARCH_PATHS = "$(inherited) @executable_path/Frameworks @loader_path/Frameworks";
				PRODUCT_BUNDLE_IDENTIFIER = com.diber.DiberClientTests;
				PRODUCT_NAME = "$(TARGET_NAME)";
				SWIFT_VERSION = 3.0;
				TEST_HOST = "$(BUILT_PRODUCTS_DIR)/DiberClient.app/DiberClient";
			};
			name = Release;
		};
		A3D7A2851F81314B00B4BB86 /* Debug */ = {
			isa = XCBuildConfiguration;
			baseConfigurationReference = F3DBD3D2D2AECBF3BC33A70D /* Pods-DiberClientUITests.debug.xcconfig */;
			buildSettings = {
				ALWAYS_EMBED_SWIFT_STANDARD_LIBRARIES = YES;
				INFOPLIST_FILE = DiberClientUITests/Info.plist;
				LD_RUNPATH_SEARCH_PATHS = "$(inherited) @executable_path/Frameworks @loader_path/Frameworks";
				PRODUCT_BUNDLE_IDENTIFIER = com.diber.DiberClientUITests;
				PRODUCT_NAME = "$(TARGET_NAME)";
				SWIFT_VERSION = 3.0;
				TEST_TARGET_NAME = DiberClient;
			};
			name = Debug;
		};
		A3D7A2861F81314B00B4BB86 /* Release */ = {
			isa = XCBuildConfiguration;
			baseConfigurationReference = F38CF4385202BC90C3920B62 /* Pods-DiberClientUITests.release.xcconfig */;
			buildSettings = {
				ALWAYS_EMBED_SWIFT_STANDARD_LIBRARIES = YES;
				INFOPLIST_FILE = DiberClientUITests/Info.plist;
				LD_RUNPATH_SEARCH_PATHS = "$(inherited) @executable_path/Frameworks @loader_path/Frameworks";
				PRODUCT_BUNDLE_IDENTIFIER = com.diber.DiberClientUITests;
				PRODUCT_NAME = "$(TARGET_NAME)";
				SWIFT_VERSION = 3.0;
				TEST_TARGET_NAME = DiberClient;
			};
			name = Release;
		};
/* End XCBuildConfiguration section */

/* Begin XCConfigurationList section */
		A3D7A24F1F81314B00B4BB86 /* Build configuration list for PBXProject "DiberClient" */ = {
			isa = XCConfigurationList;
			buildConfigurations = (
				A3D7A27C1F81314B00B4BB86 /* Debug */,
				A3D7A27D1F81314B00B4BB86 /* Release */,
			);
			defaultConfigurationIsVisible = 0;
			defaultConfigurationName = Release;
		};
		A3D7A27E1F81314B00B4BB86 /* Build configuration list for PBXNativeTarget "DiberClient" */ = {
			isa = XCConfigurationList;
			buildConfigurations = (
				A3D7A27F1F81314B00B4BB86 /* Debug */,
				A3D7A2801F81314B00B4BB86 /* Release */,
			);
			defaultConfigurationIsVisible = 0;
			defaultConfigurationName = Release;
		};
		A3D7A2811F81314B00B4BB86 /* Build configuration list for PBXNativeTarget "DiberClientTests" */ = {
			isa = XCConfigurationList;
			buildConfigurations = (
				A3D7A2821F81314B00B4BB86 /* Debug */,
				A3D7A2831F81314B00B4BB86 /* Release */,
			);
			defaultConfigurationIsVisible = 0;
			defaultConfigurationName = Release;
		};
		A3D7A2841F81314B00B4BB86 /* Build configuration list for PBXNativeTarget "DiberClientUITests" */ = {
			isa = XCConfigurationList;
			buildConfigurations = (
				A3D7A2851F81314B00B4BB86 /* Debug */,
				A3D7A2861F81314B00B4BB86 /* Release */,
			);
			defaultConfigurationIsVisible = 0;
			defaultConfigurationName = Release;
		};
/* End XCConfigurationList section */
	};
	rootObject = A3D7A24C1F81314B00B4BB86 /* Project object */;
}
